
Microsoft Visual Studio Solution File, Format Version 12.00
# Visual Studio Version 17
VisualStudioVersion = 17.7.34031.279
MinimumVisualStudioVersion = 10.0.40219.1
Project("{FAE04EC0-301F-11D3-BF4B-00C04F79EFBC}") = "FileApi", "FileApi\FileApi.csproj", "{C6CC6F18-A001-449F-B53F-2B2CE32043E3}"
EndProject
Global
	GlobalSection(SolutionConfigurationPlatforms) = preSolution
		Debug|Any CPU = Debug|Any CPU
		Release|Any CPU = Release|Any CPU
	EndGlobalSection
	GlobalSection(ProjectConfigurationPlatforms) = postSolution
		{C6CC6F18-A001-449F-B53F-2B2CE32043E3}.Debug|Any CPU.ActiveCfg = Debug|Any CPU
		{C6CC6F18-A001-449F-B53F-2B2CE32043E3}.Debug|Any CPU.Build.0 = Debug|Any CPU
		{C6CC6F18-A001-449F-B53F-2B2CE32043E3}.Release|Any CPU.ActiveCfg = Release|Any CPU
		{C6CC6F18-A001-449F-B53F-2B2CE32043E3}.Release|Any CPU.Build.0 = Release|Any CPU
	EndGlobalSection
	GlobalSection(SolutionProperties) = preSolution
		HideSolutionNode = FALSE
	EndGlobalSection
	GlobalSection(ExtensibilityGlobals) = postSolution
		SolutionGuid = {362022B0-B0E5-48EB-AB86-0D54FD4566F1}
	EndGlobalSection
EndGlobal
